
Microsoft Visual Studio Solution File, Format Version 12.00
# Visual Studio Version 17
VisualStudioVersion = 17.14.36705.20 d17.14
MinimumVisualStudioVersion = 10.0.40219.1
Project("{FAE04EC0-301F-11D3-BF4B-00C04F79EFBC}") = "DanbooruNameTagger", "DanbooruNameTagger.csproj", "{F8D739C8-E208-E0C9-05BD-2192AAFD20A1}"
EndProject
Global
	GlobalSection(SolutionConfigurationPlatforms) = preSolution
		Debug|Any CPU = Debug|Any CPU
		Release|Any CPU = Release|Any CPU
	EndGlobalSection
	GlobalSection(ProjectConfigurationPlatforms) = postSolution
		{F8D739C8-E208-E0C9-05BD-2192AAFD20A1}.Debug|Any CPU.ActiveCfg = Debug|Any CPU
		{F8D739C8-E208-E0C9-05BD-2192AAFD20A1}.Debug|Any CPU.Build.0 = Debug|Any CPU
		{F8D739C8-E208-E0C9-05BD-2192AAFD20A1}.Release|Any CPU.ActiveCfg = Release|Any CPU
		{F8D739C8-E208-E0C9-05BD-2192AAFD20A1}.Release|Any CPU.Build.0 = Release|Any CPU
	EndGlobalSection
	GlobalSection(SolutionProperties) = preSolution
		HideSolutionNode = FALSE
	EndGlobalSection
	GlobalSection(ExtensibilityGlobals) = postSolution
		SolutionGuid = {4D8D8EEC-12B1-4C69-A905-5FFA5D8F6CAA}
	EndGlobalSection
EndGlobal
